
Microsoft Visual Studio Solution File, Format Version 12.00
# Visual Studio 15
VisualStudioVersion = 15.0.27130.2036
MinimumVisualStudioVersion = 10.0.40219.1
Project("{FAE04EC0-301F-11D3-BF4B-00C04F79EFBC}") = "Task6", "Task6\Task6.csproj", "{83B83204-263C-4F1D-8149-5F4A16193A24}"
EndProject
Global
	GlobalSection(SolutionConfigurationPlatforms) = preSolution
		Debug|Any CPU = Debug|Any CPU
		Release|Any CPU = Release|Any CPU
	EndGlobalSection
	GlobalSection(ProjectConfigurationPlatforms) = postSolution
		{83B83204-263C-4F1D-8149-5F4A16193A24}.Debug|Any CPU.ActiveCfg = Debug|Any CPU
		{83B83204-263C-4F1D-8149-5F4A16193A24}.Debug|Any CPU.Build.0 = Debug|Any CPU
		{83B83204-263C-4F1D-8149-5F4A16193A24}.Release|Any CPU.ActiveCfg = Release|Any CPU
		{83B83204-263C-4F1D-8149-5F4A16193A24}.Release|Any CPU.Build.0 = Release|Any CPU
	EndGlobalSection
	GlobalSection(SolutionProperties) = preSolution
		HideSolutionNode = FALSE
	EndGlobalSection
	GlobalSection(ExtensibilityGlobals) = postSolution
		SolutionGuid = {17313685-F702-4B96-8F32-5230D4EFFB9D}
	EndGlobalSection
EndGlobal
