
Microsoft Visual Studio Solution File, Format Version 12.00
# Visual Studio 15
VisualStudioVersion = 15.0.27130.2036
MinimumVisualStudioVersion = 10.0.40219.1
Project("{FAE04EC0-301F-11D3-BF4B-00C04F79EFBC}") = "Task4", "Task4\Task4.csproj", "{9F87D2A0-9C28-404D-9B4E-1F3352586455}"
EndProject
Project("{FAE04EC0-301F-11D3-BF4B-00C04F79EFBC}") = "Task4Tests", "Task4Tests\Task4Tests.csproj", "{F5279F4D-BBAB-4363-8448-FA48F5270F5E}"
EndProject
Global
	GlobalSection(SolutionConfigurationPlatforms) = preSolution
		Debug|Any CPU = Debug|Any CPU
		Release|Any CPU = Release|Any CPU
	EndGlobalSection
	GlobalSection(ProjectConfigurationPlatforms) = postSolution
		{9F87D2A0-9C28-404D-9B4E-1F3352586455}.Debug|Any CPU.ActiveCfg = Debug|Any CPU
		{9F87D2A0-9C28-404D-9B4E-1F3352586455}.Debug|Any CPU.Build.0 = Debug|Any CPU
		{9F87D2A0-9C28-404D-9B4E-1F3352586455}.Release|Any CPU.ActiveCfg = Release|Any CPU
		{9F87D2A0-9C28-404D-9B4E-1F3352586455}.Release|Any CPU.Build.0 = Release|Any CPU
		{F5279F4D-BBAB-4363-8448-FA48F5270F5E}.Debug|Any CPU.ActiveCfg = Debug|Any CPU
		{F5279F4D-BBAB-4363-8448-FA48F5270F5E}.Debug|Any CPU.Build.0 = Debug|Any CPU
		{F5279F4D-BBAB-4363-8448-FA48F5270F5E}.Release|Any CPU.ActiveCfg = Release|Any CPU
		{F5279F4D-BBAB-4363-8448-FA48F5270F5E}.Release|Any CPU.Build.0 = Release|Any CPU
	EndGlobalSection
	GlobalSection(SolutionProperties) = preSolution
		HideSolutionNode = FALSE
	EndGlobalSection
	GlobalSection(ExtensibilityGlobals) = postSolution
		SolutionGuid = {7C413776-ED91-4BDF-B5DA-AF9494CD6E9E}
	EndGlobalSection
EndGlobal
